{
  "pins" : [
    {
      "identity" : "simple-haptics",
      "kind" : "remoteSourceControl",
      "location" : "https://github.com/hallee/simple-haptics",
      "state" : {
        "revision" : "8a8c8041e7e790e2fb8b1acc6a116de9cfd1b2a0",
        "version" : "0.0.5"
      }
    },
    {
      "identity" : "simplekeychain",
      "kind" : "remoteSourceControl",
      "location" : "https://github.com/auth0/SimpleKeychain",
      "state" : {
        "revision" : "f082494aab8056139a4fe234c920a9f92f681aff",
        "version" : "1.1.0"
      }
    },
    {
      "identity" : "swift-markdown-ui",
      "kind" : "remoteSourceControl",
      "location" : "https://github.com/gonzalezreal/swift-markdown-ui",
      "state" : {
        "revision" : "12b351a75201a8124c2f2e1f9fc6ef5cd812c0b9",
        "version" : "2.1.0"
      }
    },
    {
      "identity" : "swiftui-cached-async-image",
      "kind" : "remoteSourceControl",
      "location" : "https://github.com/lorenzofiamingo/swiftui-cached-async-image",
      "state" : {
        "revision" : "467a3d17479887943ab917a379e62bbaff60ac8a",
        "version" : "2.1.1"
      }
    }
  ],
  "version" : 2
}
