{
  "pins" : [
    {
      "identity" : "alerttoast",
      "kind" : "remoteSourceControl",
      "location" : "https://github.com/elai950/AlertToast.git",
      "state" : {
        "revision" : "b39252eacd159904afd7d718bba0afabb87f2f2f",
        "version" : "1.3.9"
      }
    },
    {
      "identity" : "combinex",
      "kind" : "remoteSourceControl",
      "location" : "https://github.com/lavalleeale/CombineX",
      "state" : {
        "branch" : "master",
        "revision" : "bb5ff98aff5db119c5a1075c63204fab3612a648"
      }
    },
    {
      "identity" : "cxshim",
      "kind" : "remoteSourceControl",
      "location" : "https://github.com/cx-org/CXShim",
      "state" : {
        "revision" : "82fecc246c7ca9f0ac1656b8199b7956e64d68f3",
        "version" : "0.4.0"
      }
    },
    {
      "identity" : "imageviewer",
      "kind" : "remoteSourceControl",
      "location" : "https://github.com/lavalleeale/ImageViewer",
      "state" : {
        "branch" : "main",
        "revision" : "2220fccc2c9a820c8302c51c0175a5c896048ca0"
      }
    },
    {
      "identity" : "lemmyapi",
      "kind" : "remoteSourceControl",
      "location" : "https://github.com/lavalleeale/LemmyApi.git",
      "state" : {
        "branch" : "main",
        "revision" : "07edf017a40244a12bd2d8d94b0df56ee0926ccd"
      }
    },
    {
      "identity" : "linkpreview",
      "kind" : "remoteSourceControl",
      "location" : "https://github.com/lavalleeale-forks/LinkPreview.git",
      "state" : {
        "branch" : "main",
        "revision" : "3128a5dbc24f14f6de43949ea736ea846bdbb14d"
      }
    },
    {
      "identity" : "simplekeychain",
      "kind" : "remoteSourceControl",
      "location" : "https://github.com/auth0/SimpleKeychain",
      "state" : {
        "revision" : "f082494aab8056139a4fe234c920a9f92f681aff",
        "version" : "1.1.0"
      }
    },
    {
      "identity" : "sqlite.swift",
      "kind" : "remoteSourceControl",
      "location" : "https://github.com/stephencelis/SQLite.swift.git",
      "state" : {
        "revision" : "7a2e3cd27de56f6d396e84f63beefd0267b55ccb",
        "version" : "0.14.1"
      }
    },
    {
      "identity" : "swift-atomics",
      "kind" : "remoteSourceControl",
      "location" : "https://github.com/apple/swift-atomics.git",
      "state" : {
        "revision" : "6c89474e62719ddcc1e9614989fff2f68208fe10",
        "version" : "1.1.0"
      }
    },
    {
      "identity" : "swift-markdown-ui",
      "kind" : "remoteSourceControl",
      "location" : "https://github.com/gonzalezreal/swift-markdown-ui",
      "state" : {
        "revision" : "12b351a75201a8124c2f2e1f9fc6ef5cd812c0b9",
        "version" : "2.1.0"
      }
    },
    {
      "identity" : "swiftui-cached-async-image",
      "kind" : "remoteSourceControl",
      "location" : "https://github.com/lorenzofiamingo/swiftui-cached-async-image",
      "state" : {
        "revision" : "467a3d17479887943ab917a379e62bbaff60ac8a",
        "version" : "2.1.1"
      }
    },
    {
      "identity" : "swiftuikit",
      "kind" : "remoteSourceControl",
      "location" : "https://github.com/danielsaidi/SwiftUIKit.git",
      "state" : {
        "revision" : "317d9d55a6a4b3ad12b34760c0ec231eab7f891e",
        "version" : "3.3.0"
      }
    }
  ],
  "version" : 2
}
