// !$*UTF8*$!
{
	archiveVersion = 1;
	classes = {
	};
	objectVersion = 56;
	objects = {

/* Begin PBXBuildFile section */
		FA03BEE62A53CFBA00FC2878 /* NumberComponent.swift in Sources */ = {isa = PBXBuildFile; fileRef = FA03BEE52A53CFBA00FC2878 /* NumberComponent.swift */; };
		FA03BEE82A53D96400FC2878 /* ArrowsComponent.swift in Sources */ = {isa = PBXBuildFile; fileRef = FA03BEE72A53D96400FC2878 /* ArrowsComponent.swift */; };
		FA1A33002A5FC2BF000A99CB /* ImageViewer in Frameworks */ = {isa = PBXBuildFile; productRef = FA1A32FF2A5FC2BF000A99CB /* ImageViewer */; };
		FA1CA2E32A5242D9007A5F88 /* PostsModel.swift in Sources */ = {isa = PBXBuildFile; fileRef = FA1CA2E22A5242D9007A5F88 /* PostsModel.swift */; };
		FA2214932A5B57D80023C696 /* SplashView.swift in Sources */ = {isa = PBXBuildFile; fileRef = FA2214922A5B57D80023C696 /* SplashView.swift */; };
		FA2A1ED12A56661E008BB1BE /* PostCreateComponent.swift in Sources */ = {isa = PBXBuildFile; fileRef = FA2A1ED02A56661E008BB1BE /* PostCreateComponent.swift */; };
		FA2EE90F2A5478EA00546BFF /* UserView.swift in Sources */ = {isa = PBXBuildFile; fileRef = FA2EE90E2A5478EA00546BFF /* UserView.swift */; };
		FA2EE9132A547BE800546BFF /* UserModel.swift in Sources */ = {isa = PBXBuildFile; fileRef = FA2EE9122A547BE800546BFF /* UserModel.swift */; };
		FA40E9B92A622FB50099D6A3 /* LemmyApi in Frameworks */ = {isa = PBXBuildFile; productRef = FA40E9B82A622FB50099D6A3 /* LemmyApi */; };
		FA44D6B12A538E710086AD56 /* SwipeActionsModifier.swift in Sources */ = {isa = PBXBuildFile; fileRef = FA44D6B02A538E710086AD56 /* SwipeActionsModifier.swift */; };
		FA44D6B82A5394BA0086AD56 /* AppDelegate.swift in Sources */ = {isa = PBXBuildFile; fileRef = FA44D6B72A5394BA0086AD56 /* AppDelegate.swift */; };
		FA4534AF2A5E4B7D00EA9EE8 /* ImageModel.swift in Sources */ = {isa = PBXBuildFile; fileRef = FA4534AE2A5E4B7D00EA9EE8 /* ImageModel.swift */; };
		FA4596252A59C5A500368DBB /* ThemeManger.swift in Sources */ = {isa = PBXBuildFile; fileRef = FA4596242A59C5A500368DBB /* ThemeManger.swift */; };
		FA4596272A59C83700368DBB /* ThemeModifiers.swift in Sources */ = {isa = PBXBuildFile; fileRef = FA4596262A59C83700368DBB /* ThemeModifiers.swift */; };
		FA4596292A59D1C800368DBB /* ColoredListComponent.swift in Sources */ = {isa = PBXBuildFile; fileRef = FA4596282A59D1C800368DBB /* ColoredListComponent.swift */; };
		FA4CDA8E2A64D4AA001D38F7 /* WatchersModel.swift in Sources */ = {isa = PBXBuildFile; fileRef = FA4CDA8D2A64D4AA001D38F7 /* WatchersModel.swift */; };
		FA4CEC5C2A64B03B002AEB75 /* AddWatcherComponent.swift in Sources */ = {isa = PBXBuildFile; fileRef = FA4CEC5B2A64B03B002AEB75 /* AddWatcherComponent.swift */; };
		FA52397C2A56371D00C80CDD /* SwiftUIKit in Frameworks */ = {isa = PBXBuildFile; productRef = FA52397B2A56371D00C80CDD /* SwiftUIKit */; };
		FA5A46102A61C1E70041D11B /* SQLite in Frameworks */ = {isa = PBXBuildFile; productRef = FA5A460F2A61C1E70041D11B /* SQLite */; };
		FA5A46122A61C2B30041D11B /* DBModel.swift in Sources */ = {isa = PBXBuildFile; fileRef = FA5A46112A61C2B30041D11B /* DBModel.swift */; };
		FA5A461B2A61E2670041D11B /* SearchTests.swift in Sources */ = {isa = PBXBuildFile; fileRef = FA5A461A2A61E2670041D11B /* SearchTests.swift */; };
		FA5A461D2A61E26F0041D11B /* AuthTests.swift in Sources */ = {isa = PBXBuildFile; fileRef = FA5A461C2A61E26F0041D11B /* AuthTests.swift */; };
		FA68BDEC2A58DD9900F2FE3D /* AuthFormComponent.swift in Sources */ = {isa = PBXBuildFile; fileRef = FA68BDEB2A58DD9900F2FE3D /* AuthFormComponent.swift */; };
		FA72A68C2A572151001AFA61 /* SearchView.swift in Sources */ = {isa = PBXBuildFile; fileRef = FA72A68B2A572151001AFA61 /* SearchView.swift */; };
		FA72A68E2A57228A001AFA61 /* SearchModel.swift in Sources */ = {isa = PBXBuildFile; fileRef = FA72A68D2A57228A001AFA61 /* SearchModel.swift */; };
		FA72A6902A57299C001AFA61 /* SearchedView.swift in Sources */ = {isa = PBXBuildFile; fileRef = FA72A68F2A57299C001AFA61 /* SearchedView.swift */; };
		FA72A6922A5729AE001AFA61 /* SearchedModel.swift in Sources */ = {isa = PBXBuildFile; fileRef = FA72A6912A5729AE001AFA61 /* SearchedModel.swift */; };
		FA72A6962A573C99001AFA61 /* ShowFromComponent.swift in Sources */ = {isa = PBXBuildFile; fileRef = FA72A6952A573C99001AFA61 /* ShowFromComponent.swift */; };
		FA72A6982A573DAD001AFA61 /* Extensions.swift in Sources */ = {isa = PBXBuildFile; fileRef = FA72A6972A573DAD001AFA61 /* Extensions.swift */; };
		FA77D93D2A674D98005C0555 /* output.mp4 in Resources */ = {isa = PBXBuildFile; fileRef = FA77D93C2A674D98005C0555 /* output.mp4 */; };
		FA77D93F2A674DB5005C0555 /* OpenInLemmiosView.swift in Sources */ = {isa = PBXBuildFile; fileRef = FA77D93E2A674DB5005C0555 /* OpenInLemmiosView.swift */; };
		FA77D9412A67531D005C0555 /* VideoLooper.swift in Sources */ = {isa = PBXBuildFile; fileRef = FA77D9402A67531D005C0555 /* VideoLooper.swift */; };
		FA96B4EB2A61105300053BBF /* CommentTests.swift in Sources */ = {isa = PBXBuildFile; fileRef = FA96B4EA2A61105300053BBF /* CommentTests.swift */; };
		FA96B4F22A612E2900053BBF /* ScreenshotTests.swift in Sources */ = {isa = PBXBuildFile; fileRef = FA96B4F12A612E2900053BBF /* ScreenshotTests.swift */; };
		FAA145062A581E88009DDA23 /* UserHeaderComponent.swift in Sources */ = {isa = PBXBuildFile; fileRef = FAA145052A581E88009DDA23 /* UserHeaderComponent.swift */; };
		FAA145082A581F23009DDA23 /* MixedListComponent.swift in Sources */ = {isa = PBXBuildFile; fileRef = FAA145072A581F23009DDA23 /* MixedListComponent.swift */; };
		FAA1450A2A5895D5009DDA23 /* NSFWBadgeComponent.swift in Sources */ = {isa = PBXBuildFile; fileRef = FAA145092A5895D5009DDA23 /* NSFWBadgeComponent.swift */; };
		FAA145142A58B89A009DDA23 /* AuthModel.swift in Sources */ = {isa = PBXBuildFile; fileRef = FAA145132A58B89A009DDA23 /* AuthModel.swift */; };
		FAAAF85A2A524D9500C9BFD8 /* PostPreviewComponent.swift in Sources */ = {isa = PBXBuildFile; fileRef = FAAAF8592A524D9500C9BFD8 /* PostPreviewComponent.swift */; };
		FAAAF85C2A524F0F00C9BFD8 /* PostView.swift in Sources */ = {isa = PBXBuildFile; fileRef = FAAAF85B2A524F0F00C9BFD8 /* PostView.swift */; };
		FAAAF8612A5256EB00C9BFD8 /* SortSelectorComponent.swift in Sources */ = {isa = PBXBuildFile; fileRef = FAAAF8602A5256EB00C9BFD8 /* SortSelectorComponent.swift */; };
		FAAAF8632A5260E300C9BFD8 /* PostContentComponent.swift in Sources */ = {isa = PBXBuildFile; fileRef = FAAAF8622A5260E300C9BFD8 /* PostContentComponent.swift */; };
		FAAAF8692A5288CB00C9BFD8 /* MarkdownUI in Frameworks */ = {isa = PBXBuildFile; productRef = FAAAF8682A5288CB00C9BFD8 /* MarkdownUI */; };
		FAAAF86C2A528C6600C9BFD8 /* CachedAsyncImage in Frameworks */ = {isa = PBXBuildFile; productRef = FAAAF86B2A528C6600C9BFD8 /* CachedAsyncImage */; };
		FAAAF86E2A528D0100C9BFD8 /* AuthenticationView.swift in Sources */ = {isa = PBXBuildFile; fileRef = FAAAF86D2A528D0100C9BFD8 /* AuthenticationView.swift */; };
		FAAAF8712A52929500C9BFD8 /* SimpleKeychain in Frameworks */ = {isa = PBXBuildFile; productRef = FAAAF8702A52929500C9BFD8 /* SimpleKeychain */; };
		FAB93E592A5337B400DE15BB /* PostModel.swift in Sources */ = {isa = PBXBuildFile; fileRef = FAB93E582A5337B400DE15BB /* PostModel.swift */; };
		FAB93E5D2A533FC900DE15BB /* CommentComponent.swift in Sources */ = {isa = PBXBuildFile; fileRef = FAB93E5C2A533FC900DE15BB /* CommentComponent.swift */; };
		FAB93E5F2A533FE800DE15BB /* CommentModel.swift in Sources */ = {isa = PBXBuildFile; fileRef = FAB93E5E2A533FE800DE15BB /* CommentModel.swift */; };
		FAB93E612A5345CA00DE15BB /* VotableModel.swift in Sources */ = {isa = PBXBuildFile; fileRef = FAB93E602A5345CA00DE15BB /* VotableModel.swift */; };
		FAB93E632A5346E400DE15BB /* ScoreComponent.swift in Sources */ = {isa = PBXBuildFile; fileRef = FAB93E622A5346E400DE15BB /* ScoreComponent.swift */; };
		FABB71312A6447D900D39592 /* ResolveView.swift in Sources */ = {isa = PBXBuildFile; fileRef = FABB71302A6447D900D39592 /* ResolveView.swift */; };
		FABB71332A6447E400D39592 /* ResolveModel.swift in Sources */ = {isa = PBXBuildFile; fileRef = FABB71322A6447E400D39592 /* ResolveModel.swift */; };
		FABC28362A5916A900243C7F /* ApolloImportView.swift in Sources */ = {isa = PBXBuildFile; fileRef = FABC28352A5916A900243C7F /* ApolloImportView.swift */; };
		FABC28382A59175C00243C7F /* ApolloImportModel.swift in Sources */ = {isa = PBXBuildFile; fileRef = FABC28372A59175C00243C7F /* ApolloImportModel.swift */; };
		FABC28462A5932E700243C7F /* AboutView.swift in Sources */ = {isa = PBXBuildFile; fileRef = FABC28452A5932E700243C7F /* AboutView.swift */; };
		FABC28482A59338D00243C7F /* SettingViewComponent.swift in Sources */ = {isa = PBXBuildFile; fileRef = FABC28472A59338D00243C7F /* SettingViewComponent.swift */; };
		FABC284A2A5933AC00243C7F /* SettingSuboptionComponent.swift in Sources */ = {isa = PBXBuildFile; fileRef = FABC28492A5933AC00243C7F /* SettingSuboptionComponent.swift */; };
		FABC284C2A5933C100243C7F /* DefaultStartComponent.swift in Sources */ = {isa = PBXBuildFile; fileRef = FABC284B2A5933C100243C7F /* DefaultStartComponent.swift */; };
		FABC284E2A593D8100243C7F /* ImportSubsView.swift in Sources */ = {isa = PBXBuildFile; fileRef = FABC284D2A593D8100243C7F /* ImportSubsView.swift */; };
		FABCFA662A67656300FF98B9 /* FiltersView.swift in Sources */ = {isa = PBXBuildFile; fileRef = FABCFA652A67656300FF98B9 /* FiltersView.swift */; };
		FABCFA682A6768D200FF98B9 /* FilterTest.swift in Sources */ = {isa = PBXBuildFile; fileRef = FABCFA672A6768D200FF98B9 /* FilterTest.swift */; };
		FABEC3062A54064E00620E9A /* NavModel.swift in Sources */ = {isa = PBXBuildFile; fileRef = FABEC3052A54064E00620E9A /* NavModel.swift */; };
		FABEC3082A540D3500620E9A /* SettingsView.swift in Sources */ = {isa = PBXBuildFile; fileRef = FABEC3072A540D3500620E9A /* SettingsView.swift */; };
		FACA76EE2A64A6C300D96136 /* NotificationsView.swift in Sources */ = {isa = PBXBuildFile; fileRef = FACA76ED2A64A6C300D96136 /* NotificationsView.swift */; };
		FAD0930A2A5D0B9600CFEC3E /* MessageComponent.swift in Sources */ = {isa = PBXBuildFile; fileRef = FAD093092A5D0B9600CFEC3E /* MessageComponent.swift */; };
		FAD0930C2A5D0BF600CFEC3E /* MessageModel.swift in Sources */ = {isa = PBXBuildFile; fileRef = FAD0930B2A5D0BF600CFEC3E /* MessageModel.swift */; };
		FADAD1B12A671F9E00108A9C /* SafariWebExtensionHandler.swift in Sources */ = {isa = PBXBuildFile; fileRef = FADAD1B02A671F9E00108A9C /* SafariWebExtensionHandler.swift */; };
		FADAD1B42A671F9E00108A9C /* _locales in Resources */ = {isa = PBXBuildFile; fileRef = FADAD1B32A671F9E00108A9C /* _locales */; };
		FADAD1B62A671F9E00108A9C /* images in Resources */ = {isa = PBXBuildFile; fileRef = FADAD1B52A671F9E00108A9C /* images */; };
		FADAD1B82A671F9E00108A9C /* manifest.json in Resources */ = {isa = PBXBuildFile; fileRef = FADAD1B72A671F9E00108A9C /* manifest.json */; };
		FADAD1BC2A671F9E00108A9C /* content.js in Resources */ = {isa = PBXBuildFile; fileRef = FADAD1BB2A671F9E00108A9C /* content.js */; };
		FADAD1BE2A671F9E00108A9C /* popup.html in Resources */ = {isa = PBXBuildFile; fileRef = FADAD1BD2A671F9E00108A9C /* popup.html */; };
		FADAD1C02A671F9E00108A9C /* popup.css in Resources */ = {isa = PBXBuildFile; fileRef = FADAD1BF2A671F9E00108A9C /* popup.css */; };
		FADAD1C62A671F9E00108A9C /* Open In Lemmios.appex in Embed Foundation Extensions */ = {isa = PBXBuildFile; fileRef = FADAD1AE2A671F9E00108A9C /* Open In Lemmios.appex */; settings = {ATTRIBUTES = (RemoveHeadersOnCopy, ); }; };
		FADD20432A5204B3002CE443 /* ArtemisApp.swift in Sources */ = {isa = PBXBuildFile; fileRef = FADD20422A5204B3002CE443 /* ArtemisApp.swift */; };
		FADD20452A5204B3002CE443 /* ContentView.swift in Sources */ = {isa = PBXBuildFile; fileRef = FADD20442A5204B3002CE443 /* ContentView.swift */; };
		FADD20472A5204B4002CE443 /* Assets.xcassets in Resources */ = {isa = PBXBuildFile; fileRef = FADD20462A5204B4002CE443 /* Assets.xcassets */; };
		FADD204B2A5204B4002CE443 /* Preview Assets.xcassets in Resources */ = {isa = PBXBuildFile; fileRef = FADD204A2A5204B4002CE443 /* Preview Assets.xcassets */; };
		FADD20562A5209E7002CE443 /* PostsView.swift in Sources */ = {isa = PBXBuildFile; fileRef = FADD20552A5209E7002CE443 /* PostsView.swift */; };
		FADD20592A520A4A002CE443 /* ApiModel.swift in Sources */ = {isa = PBXBuildFile; fileRef = FADD20582A520A4A002CE443 /* ApiModel.swift */; };
		FADD205B2A520D8E002CE443 /* ServerSelectorView.swift in Sources */ = {isa = PBXBuildFile; fileRef = FADD205A2A520D8E002CE443 /* ServerSelectorView.swift */; };
		FADFF8652A560933006F216A /* Markdown.swift in Sources */ = {isa = PBXBuildFile; fileRef = FADFF8642A560933006F216A /* Markdown.swift */; };
		FAE0683E2A60AC9700207938 /* LinkPreview in Frameworks */ = {isa = PBXBuildFile; productRef = FAE0683D2A60AC9700207938 /* LinkPreview */; };
		FAEE08D22A5A06A100B54142 /* InboxView.swift in Sources */ = {isa = PBXBuildFile; fileRef = FAEE08D12A5A06A100B54142 /* InboxView.swift */; };
		FAEE08D42A5A06CB00B54142 /* InboxModel.swift in Sources */ = {isa = PBXBuildFile; fileRef = FAEE08D32A5A06CB00B54142 /* InboxModel.swift */; };
		FAF000AD2A5676D700F07E04 /* AlertToast in Frameworks */ = {isa = PBXBuildFile; productRef = FAF000AC2A5676D700F07E04 /* AlertToast */; };
		FAF5D06C2A63010B002BD1AD /* PostSharePreview.swift in Sources */ = {isa = PBXBuildFile; fileRef = FAF5D06B2A63010B002BD1AD /* PostSharePreview.swift */; };
		FAF5D06E2A63262D002BD1AD /* PostShareModel.swift in Sources */ = {isa = PBXBuildFile; fileRef = FAF5D06D2A63262D002BD1AD /* PostShareModel.swift */; };
		FAF5D5422A53EC2800FDA8D9 /* PostActionsComponent.swift in Sources */ = {isa = PBXBuildFile; fileRef = FAF5D5412A53EC2800FDA8D9 /* PostActionsComponent.swift */; };
		FAF5D5442A53FAEF00FDA8D9 /* HomeView.swift in Sources */ = {isa = PBXBuildFile; fileRef = FAF5D5432A53FAEF00FDA8D9 /* HomeView.swift */; };
/* End PBXBuildFile section */

/* Begin PBXContainerItemProxy section */
		FA96B4EC2A61105300053BBF /* PBXContainerItemProxy */ = {
			isa = PBXContainerItemProxy;
			containerPortal = FADD20372A5204B3002CE443 /* Project object */;
			proxyType = 1;
			remoteGlobalIDString = FADD203E2A5204B3002CE443;
			remoteInfo = Lemmios;
		};
		FADAD1C42A671F9E00108A9C /* PBXContainerItemProxy */ = {
			isa = PBXContainerItemProxy;
			containerPortal = FADD20372A5204B3002CE443 /* Project object */;
			proxyType = 1;
			remoteGlobalIDString = FADAD1AD2A671F9E00108A9C;
			remoteInfo = "Open In Lemmios";
		};
/* End PBXContainerItemProxy section */

/* Begin PBXCopyFilesBuildPhase section */
		FAFAB4592A5BD9CB00C545BE /* Embed Foundation Extensions */ = {
			isa = PBXCopyFilesBuildPhase;
			buildActionMask = 2147483647;
			dstPath = "";
			dstSubfolderSpec = 13;
			files = (
				FADAD1C62A671F9E00108A9C /* Open In Lemmios.appex in Embed Foundation Extensions */,
			);
			name = "Embed Foundation Extensions";
			runOnlyForDeploymentPostprocessing = 0;
		};
/* End PBXCopyFilesBuildPhase section */

/* Begin PBXFileReference section */
		FA03BEE52A53CFBA00FC2878 /* NumberComponent.swift */ = {isa = PBXFileReference; lastKnownFileType = sourcecode.swift; path = NumberComponent.swift; sourceTree = "<group>"; };
		FA03BEE72A53D96400FC2878 /* ArrowsComponent.swift */ = {isa = PBXFileReference; lastKnownFileType = sourcecode.swift; path = ArrowsComponent.swift; sourceTree = "<group>"; };
		FA1CA2E22A5242D9007A5F88 /* PostsModel.swift */ = {isa = PBXFileReference; lastKnownFileType = sourcecode.swift; path = PostsModel.swift; sourceTree = "<group>"; };
		FA2214922A5B57D80023C696 /* SplashView.swift */ = {isa = PBXFileReference; lastKnownFileType = sourcecode.swift; path = SplashView.swift; sourceTree = "<group>"; };
		FA2A1ED02A56661E008BB1BE /* PostCreateComponent.swift */ = {isa = PBXFileReference; lastKnownFileType = sourcecode.swift; path = PostCreateComponent.swift; sourceTree = "<group>"; };
		FA2EE90E2A5478EA00546BFF /* UserView.swift */ = {isa = PBXFileReference; lastKnownFileType = sourcecode.swift; path = UserView.swift; sourceTree = "<group>"; };
		FA2EE9122A547BE800546BFF /* UserModel.swift */ = {isa = PBXFileReference; lastKnownFileType = sourcecode.swift; path = UserModel.swift; sourceTree = "<group>"; };
		FA44D6B02A538E710086AD56 /* SwipeActionsModifier.swift */ = {isa = PBXFileReference; lastKnownFileType = sourcecode.swift; path = SwipeActionsModifier.swift; sourceTree = "<group>"; };
		FA44D6B72A5394BA0086AD56 /* AppDelegate.swift */ = {isa = PBXFileReference; lastKnownFileType = sourcecode.swift; path = AppDelegate.swift; sourceTree = "<group>"; };
		FA4534AE2A5E4B7D00EA9EE8 /* ImageModel.swift */ = {isa = PBXFileReference; lastKnownFileType = sourcecode.swift; path = ImageModel.swift; sourceTree = "<group>"; };
		FA4596242A59C5A500368DBB /* ThemeManger.swift */ = {isa = PBXFileReference; lastKnownFileType = sourcecode.swift; path = ThemeManger.swift; sourceTree = "<group>"; };
		FA4596262A59C83700368DBB /* ThemeModifiers.swift */ = {isa = PBXFileReference; lastKnownFileType = sourcecode.swift; path = ThemeModifiers.swift; sourceTree = "<group>"; };
		FA4596282A59D1C800368DBB /* ColoredListComponent.swift */ = {isa = PBXFileReference; lastKnownFileType = sourcecode.swift; path = ColoredListComponent.swift; sourceTree = "<group>"; };
		FA4CDA8D2A64D4AA001D38F7 /* WatchersModel.swift */ = {isa = PBXFileReference; lastKnownFileType = sourcecode.swift; path = WatchersModel.swift; sourceTree = "<group>"; };
		FA4CEC5B2A64B03B002AEB75 /* AddWatcherComponent.swift */ = {isa = PBXFileReference; lastKnownFileType = sourcecode.swift; path = AddWatcherComponent.swift; sourceTree = "<group>"; };
		FA5A46112A61C2B30041D11B /* DBModel.swift */ = {isa = PBXFileReference; lastKnownFileType = sourcecode.swift; path = DBModel.swift; sourceTree = "<group>"; };
		FA5A461A2A61E2670041D11B /* SearchTests.swift */ = {isa = PBXFileReference; lastKnownFileType = sourcecode.swift; path = SearchTests.swift; sourceTree = "<group>"; };
		FA5A461C2A61E26F0041D11B /* AuthTests.swift */ = {isa = PBXFileReference; lastKnownFileType = sourcecode.swift; path = AuthTests.swift; sourceTree = "<group>"; };
		FA68BDEA2A58C45700F2FE3D /* Info.plist */ = {isa = PBXFileReference; lastKnownFileType = text.plist; path = Info.plist; sourceTree = "<group>"; };
		FA68BDEB2A58DD9900F2FE3D /* AuthFormComponent.swift */ = {isa = PBXFileReference; lastKnownFileType = sourcecode.swift; path = AuthFormComponent.swift; sourceTree = "<group>"; };
		FA72A68B2A572151001AFA61 /* SearchView.swift */ = {isa = PBXFileReference; lastKnownFileType = sourcecode.swift; path = SearchView.swift; sourceTree = "<group>"; };
		FA72A68D2A57228A001AFA61 /* SearchModel.swift */ = {isa = PBXFileReference; lastKnownFileType = sourcecode.swift; path = SearchModel.swift; sourceTree = "<group>"; };
		FA72A68F2A57299C001AFA61 /* SearchedView.swift */ = {isa = PBXFileReference; lastKnownFileType = sourcecode.swift; path = SearchedView.swift; sourceTree = "<group>"; };
		FA72A6912A5729AE001AFA61 /* SearchedModel.swift */ = {isa = PBXFileReference; lastKnownFileType = sourcecode.swift; path = SearchedModel.swift; sourceTree = "<group>"; };
		FA72A6952A573C99001AFA61 /* ShowFromComponent.swift */ = {isa = PBXFileReference; lastKnownFileType = sourcecode.swift; path = ShowFromComponent.swift; sourceTree = "<group>"; };
		FA72A6972A573DAD001AFA61 /* Extensions.swift */ = {isa = PBXFileReference; fileEncoding = 4; lastKnownFileType = sourcecode.swift; path = Extensions.swift; sourceTree = "<group>"; };
		FA72A69C2A57F837001AFA61 /* Lemmios.entitlements */ = {isa = PBXFileReference; lastKnownFileType = text.plist.entitlements; path = Lemmios.entitlements; sourceTree = "<group>"; };
		FA77D93C2A674D98005C0555 /* output.mp4 */ = {isa = PBXFileReference; lastKnownFileType = file; path = output.mp4; sourceTree = "<group>"; };
		FA77D93E2A674DB5005C0555 /* OpenInLemmiosView.swift */ = {isa = PBXFileReference; lastKnownFileType = sourcecode.swift; path = OpenInLemmiosView.swift; sourceTree = "<group>"; };
		FA77D9402A67531D005C0555 /* VideoLooper.swift */ = {isa = PBXFileReference; lastKnownFileType = sourcecode.swift; path = VideoLooper.swift; sourceTree = "<group>"; };
		FA96B4E62A61105300053BBF /* LemmiosUITests.xctest */ = {isa = PBXFileReference; explicitFileType = wrapper.cfbundle; includeInIndex = 0; path = LemmiosUITests.xctest; sourceTree = BUILT_PRODUCTS_DIR; };
		FA96B4EA2A61105300053BBF /* CommentTests.swift */ = {isa = PBXFileReference; lastKnownFileType = sourcecode.swift; path = CommentTests.swift; sourceTree = "<group>"; };
		FA96B4F12A612E2900053BBF /* ScreenshotTests.swift */ = {isa = PBXFileReference; lastKnownFileType = sourcecode.swift; path = ScreenshotTests.swift; sourceTree = "<group>"; };
		FAA145052A581E88009DDA23 /* UserHeaderComponent.swift */ = {isa = PBXFileReference; lastKnownFileType = sourcecode.swift; path = UserHeaderComponent.swift; sourceTree = "<group>"; };
		FAA145072A581F23009DDA23 /* MixedListComponent.swift */ = {isa = PBXFileReference; lastKnownFileType = sourcecode.swift; path = MixedListComponent.swift; sourceTree = "<group>"; };
		FAA145092A5895D5009DDA23 /* NSFWBadgeComponent.swift */ = {isa = PBXFileReference; lastKnownFileType = sourcecode.swift; path = NSFWBadgeComponent.swift; sourceTree = "<group>"; };
		FAA145132A58B89A009DDA23 /* AuthModel.swift */ = {isa = PBXFileReference; lastKnownFileType = sourcecode.swift; path = AuthModel.swift; sourceTree = "<group>"; };
		FAAAF8592A524D9500C9BFD8 /* PostPreviewComponent.swift */ = {isa = PBXFileReference; lastKnownFileType = sourcecode.swift; path = PostPreviewComponent.swift; sourceTree = "<group>"; };
		FAAAF85B2A524F0F00C9BFD8 /* PostView.swift */ = {isa = PBXFileReference; lastKnownFileType = sourcecode.swift; path = PostView.swift; sourceTree = "<group>"; };
		FAAAF8602A5256EB00C9BFD8 /* SortSelectorComponent.swift */ = {isa = PBXFileReference; lastKnownFileType = sourcecode.swift; path = SortSelectorComponent.swift; sourceTree = "<group>"; };
		FAAAF8622A5260E300C9BFD8 /* PostContentComponent.swift */ = {isa = PBXFileReference; lastKnownFileType = sourcecode.swift; path = PostContentComponent.swift; sourceTree = "<group>"; };
		FAAAF86D2A528D0100C9BFD8 /* AuthenticationView.swift */ = {isa = PBXFileReference; lastKnownFileType = sourcecode.swift; path = AuthenticationView.swift; sourceTree = "<group>"; };
		FAB93E582A5337B400DE15BB /* PostModel.swift */ = {isa = PBXFileReference; lastKnownFileType = sourcecode.swift; path = PostModel.swift; sourceTree = "<group>"; };
		FAB93E5C2A533FC900DE15BB /* CommentComponent.swift */ = {isa = PBXFileReference; lastKnownFileType = sourcecode.swift; path = CommentComponent.swift; sourceTree = "<group>"; };
		FAB93E5E2A533FE800DE15BB /* CommentModel.swift */ = {isa = PBXFileReference; lastKnownFileType = sourcecode.swift; path = CommentModel.swift; sourceTree = "<group>"; };
		FAB93E602A5345CA00DE15BB /* VotableModel.swift */ = {isa = PBXFileReference; lastKnownFileType = sourcecode.swift; path = VotableModel.swift; sourceTree = "<group>"; };
		FAB93E622A5346E400DE15BB /* ScoreComponent.swift */ = {isa = PBXFileReference; lastKnownFileType = sourcecode.swift; path = ScoreComponent.swift; sourceTree = "<group>"; };
		FABB71302A6447D900D39592 /* ResolveView.swift */ = {isa = PBXFileReference; lastKnownFileType = sourcecode.swift; path = ResolveView.swift; sourceTree = "<group>"; };
		FABB71322A6447E400D39592 /* ResolveModel.swift */ = {isa = PBXFileReference; lastKnownFileType = sourcecode.swift; path = ResolveModel.swift; sourceTree = "<group>"; };
		FABC28352A5916A900243C7F /* ApolloImportView.swift */ = {isa = PBXFileReference; lastKnownFileType = sourcecode.swift; path = ApolloImportView.swift; sourceTree = "<group>"; };
		FABC28372A59175C00243C7F /* ApolloImportModel.swift */ = {isa = PBXFileReference; lastKnownFileType = sourcecode.swift; path = ApolloImportModel.swift; sourceTree = "<group>"; };
		FABC28452A5932E700243C7F /* AboutView.swift */ = {isa = PBXFileReference; lastKnownFileType = sourcecode.swift; path = AboutView.swift; sourceTree = "<group>"; };
		FABC28472A59338D00243C7F /* SettingViewComponent.swift */ = {isa = PBXFileReference; lastKnownFileType = sourcecode.swift; path = SettingViewComponent.swift; sourceTree = "<group>"; };
		FABC28492A5933AC00243C7F /* SettingSuboptionComponent.swift */ = {isa = PBXFileReference; lastKnownFileType = sourcecode.swift; path = SettingSuboptionComponent.swift; sourceTree = "<group>"; };
		FABC284B2A5933C100243C7F /* DefaultStartComponent.swift */ = {isa = PBXFileReference; lastKnownFileType = sourcecode.swift; path = DefaultStartComponent.swift; sourceTree = "<group>"; };
		FABC284D2A593D8100243C7F /* ImportSubsView.swift */ = {isa = PBXFileReference; lastKnownFileType = sourcecode.swift; path = ImportSubsView.swift; sourceTree = "<group>"; };
		FABCFA652A67656300FF98B9 /* FiltersView.swift */ = {isa = PBXFileReference; lastKnownFileType = sourcecode.swift; path = FiltersView.swift; sourceTree = "<group>"; };
		FABCFA672A6768D200FF98B9 /* FilterTest.swift */ = {isa = PBXFileReference; lastKnownFileType = sourcecode.swift; path = FilterTest.swift; sourceTree = "<group>"; };
		FABEC3052A54064E00620E9A /* NavModel.swift */ = {isa = PBXFileReference; lastKnownFileType = sourcecode.swift; path = NavModel.swift; sourceTree = "<group>"; };
		FABEC3072A540D3500620E9A /* SettingsView.swift */ = {isa = PBXFileReference; lastKnownFileType = sourcecode.swift; path = SettingsView.swift; sourceTree = "<group>"; };
		FACA76ED2A64A6C300D96136 /* NotificationsView.swift */ = {isa = PBXFileReference; lastKnownFileType = sourcecode.swift; path = NotificationsView.swift; sourceTree = "<group>"; };
		FAD093092A5D0B9600CFEC3E /* MessageComponent.swift */ = {isa = PBXFileReference; lastKnownFileType = sourcecode.swift; path = MessageComponent.swift; sourceTree = "<group>"; };
		FAD0930B2A5D0BF600CFEC3E /* MessageModel.swift */ = {isa = PBXFileReference; lastKnownFileType = sourcecode.swift; path = MessageModel.swift; sourceTree = "<group>"; };
		FADAD1AE2A671F9E00108A9C /* Open In Lemmios.appex */ = {isa = PBXFileReference; explicitFileType = "wrapper.app-extension"; includeInIndex = 0; path = "Open In Lemmios.appex"; sourceTree = BUILT_PRODUCTS_DIR; };
		FADAD1B02A671F9E00108A9C /* SafariWebExtensionHandler.swift */ = {isa = PBXFileReference; lastKnownFileType = sourcecode.swift; path = SafariWebExtensionHandler.swift; sourceTree = "<group>"; };
		FADAD1B32A671F9E00108A9C /* _locales */ = {isa = PBXFileReference; lastKnownFileType = folder; path = _locales; sourceTree = "<group>"; };
		FADAD1B52A671F9E00108A9C /* images */ = {isa = PBXFileReference; lastKnownFileType = folder; path = images; sourceTree = "<group>"; };
		FADAD1B72A671F9E00108A9C /* manifest.json */ = {isa = PBXFileReference; lastKnownFileType = text.json; path = manifest.json; sourceTree = "<group>"; };
		FADAD1BB2A671F9E00108A9C /* content.js */ = {isa = PBXFileReference; lastKnownFileType = sourcecode.javascript; path = content.js; sourceTree = "<group>"; };
		FADAD1BD2A671F9E00108A9C /* popup.html */ = {isa = PBXFileReference; lastKnownFileType = text.html; path = popup.html; sourceTree = "<group>"; };
		FADAD1BF2A671F9E00108A9C /* popup.css */ = {isa = PBXFileReference; lastKnownFileType = text.css; path = popup.css; sourceTree = "<group>"; };
		FADAD1C32A671F9E00108A9C /* Info.plist */ = {isa = PBXFileReference; lastKnownFileType = text.plist.xml; path = Info.plist; sourceTree = "<group>"; };
		FADD203F2A5204B3002CE443 /* Lemmios.app */ = {isa = PBXFileReference; explicitFileType = wrapper.application; includeInIndex = 0; path = Lemmios.app; sourceTree = BUILT_PRODUCTS_DIR; };
		FADD20422A5204B3002CE443 /* ArtemisApp.swift */ = {isa = PBXFileReference; lastKnownFileType = sourcecode.swift; path = ArtemisApp.swift; sourceTree = "<group>"; };
		FADD20442A5204B3002CE443 /* ContentView.swift */ = {isa = PBXFileReference; lastKnownFileType = sourcecode.swift; path = ContentView.swift; sourceTree = "<group>"; };
		FADD20462A5204B4002CE443 /* Assets.xcassets */ = {isa = PBXFileReference; lastKnownFileType = folder.assetcatalog; path = Assets.xcassets; sourceTree = "<group>"; };
		FADD204A2A5204B4002CE443 /* Preview Assets.xcassets */ = {isa = PBXFileReference; lastKnownFileType = folder.assetcatalog; path = "Preview Assets.xcassets"; sourceTree = "<group>"; };
		FADD20552A5209E7002CE443 /* PostsView.swift */ = {isa = PBXFileReference; lastKnownFileType = sourcecode.swift; path = PostsView.swift; sourceTree = "<group>"; };
		FADD20582A520A4A002CE443 /* ApiModel.swift */ = {isa = PBXFileReference; lastKnownFileType = sourcecode.swift; path = ApiModel.swift; sourceTree = "<group>"; };
		FADD205A2A520D8E002CE443 /* ServerSelectorView.swift */ = {isa = PBXFileReference; lastKnownFileType = sourcecode.swift; path = ServerSelectorView.swift; sourceTree = "<group>"; };
		FADFF8642A560933006F216A /* Markdown.swift */ = {isa = PBXFileReference; lastKnownFileType = sourcecode.swift; path = Markdown.swift; sourceTree = "<group>"; };
		FAEE08D12A5A06A100B54142 /* InboxView.swift */ = {isa = PBXFileReference; lastKnownFileType = sourcecode.swift; path = InboxView.swift; sourceTree = "<group>"; };
		FAEE08D32A5A06CB00B54142 /* InboxModel.swift */ = {isa = PBXFileReference; lastKnownFileType = sourcecode.swift; path = InboxModel.swift; sourceTree = "<group>"; };
		FAF5D06B2A63010B002BD1AD /* PostSharePreview.swift */ = {isa = PBXFileReference; lastKnownFileType = sourcecode.swift; path = PostSharePreview.swift; sourceTree = "<group>"; };
		FAF5D06D2A63262D002BD1AD /* PostShareModel.swift */ = {isa = PBXFileReference; lastKnownFileType = sourcecode.swift; path = PostShareModel.swift; sourceTree = "<group>"; };
		FAF5D5412A53EC2800FDA8D9 /* PostActionsComponent.swift */ = {isa = PBXFileReference; lastKnownFileType = sourcecode.swift; path = PostActionsComponent.swift; sourceTree = "<group>"; };
		FAF5D5432A53FAEF00FDA8D9 /* HomeView.swift */ = {isa = PBXFileReference; lastKnownFileType = sourcecode.swift; path = HomeView.swift; sourceTree = "<group>"; };
/* End PBXFileReference section */

/* Begin PBXFrameworksBuildPhase section */
		FA96B4E32A61105300053BBF /* Frameworks */ = {
			isa = PBXFrameworksBuildPhase;
			buildActionMask = 2147483647;
			files = (
			);
			runOnlyForDeploymentPostprocessing = 0;
		};
		FADAD1AB2A671F9E00108A9C /* Frameworks */ = {
			isa = PBXFrameworksBuildPhase;
			buildActionMask = 2147483647;
			files = (
			);
			runOnlyForDeploymentPostprocessing = 0;
		};
		FADD203C2A5204B3002CE443 /* Frameworks */ = {
			isa = PBXFrameworksBuildPhase;
			buildActionMask = 2147483647;
			files = (
				FAAAF8712A52929500C9BFD8 /* SimpleKeychain in Frameworks */,
				FAAAF8692A5288CB00C9BFD8 /* MarkdownUI in Frameworks */,
				FA1A33002A5FC2BF000A99CB /* ImageViewer in Frameworks */,
				FAE0683E2A60AC9700207938 /* LinkPreview in Frameworks */,
				FAAAF86C2A528C6600C9BFD8 /* CachedAsyncImage in Frameworks */,
				FAF000AD2A5676D700F07E04 /* AlertToast in Frameworks */,
				FA5A46102A61C1E70041D11B /* SQLite in Frameworks */,
				FA52397C2A56371D00C80CDD /* SwiftUIKit in Frameworks */,
				FA40E9B92A622FB50099D6A3 /* LemmyApi in Frameworks */,
			);
			runOnlyForDeploymentPostprocessing = 0;
		};
/* End PBXFrameworksBuildPhase section */

/* Begin PBXGroup section */
		FA2EE90B2A5472DA00546BFF /* Helpers */ = {
			isa = PBXGroup;
			children = (
				FA72A6972A573DAD001AFA61 /* Extensions.swift */,
				FADFF8642A560933006F216A /* Markdown.swift */,
			);
			path = Helpers;
			sourceTree = "<group>";
		};
		FA45961F2A59C3FE00368DBB /* Theme */ = {
			isa = PBXGroup;
			children = (
				FA4596242A59C5A500368DBB /* ThemeManger.swift */,
				FA4596262A59C83700368DBB /* ThemeModifiers.swift */,
			);
			path = Theme;
			sourceTree = "<group>";
		};
		FA60B9C02A5FB9E3002A87A4 /* Frameworks */ = {
			isa = PBXGroup;
			children = (
			);
			name = Frameworks;
			sourceTree = "<group>";
		};
		FA77D93B2A674D7E005C0555 /* Resources */ = {
			isa = PBXGroup;
			children = (
				FA77D93C2A674D98005C0555 /* output.mp4 */,
			);
			path = Resources;
			sourceTree = "<group>";
		};
		FA96B4E72A61105300053BBF /* LemmiosUITests */ = {
			isa = PBXGroup;
			children = (
				FA96B4EA2A61105300053BBF /* CommentTests.swift */,
				FA96B4F12A612E2900053BBF /* ScreenshotTests.swift */,
				FA5A461A2A61E2670041D11B /* SearchTests.swift */,
				FA5A461C2A61E26F0041D11B /* AuthTests.swift */,
				FABCFA672A6768D200FF98B9 /* FilterTest.swift */,
			);
			path = LemmiosUITests;
			sourceTree = "<group>";
		};
		FAAAF8582A524D8700C9BFD8 /* Components */ = {
			isa = PBXGroup;
			children = (
				FAF5D06A2A6300CD002BD1AD /* Settings */,
				FAF5D0692A6300BC002BD1AD /* Auth */,
				FAF5D0682A6300AD002BD1AD /* Inbox */,
				FAF5D0672A630096002BD1AD /* Comment */,
				FAF5D0662A630088002BD1AD /* User */,
				FAF5D0652A63006C002BD1AD /* Shared */,
				FAF5D0642A630059002BD1AD /* Post */,
			);
			path = Components;
			sourceTree = "<group>";
		};
		FABCFA642A67652000FF98B9 /* Settings */ = {
			isa = PBXGroup;
			children = (
				FACA76ED2A64A6C300D96136 /* NotificationsView.swift */,
				FA77D93E2A674DB5005C0555 /* OpenInLemmiosView.swift */,
				FABC284D2A593D8100243C7F /* ImportSubsView.swift */,
				FABC28452A5932E700243C7F /* AboutView.swift */,
				FABC28352A5916A900243C7F /* ApolloImportView.swift */,
				FADD205A2A520D8E002CE443 /* ServerSelectorView.swift */,
				FABEC3072A540D3500620E9A /* SettingsView.swift */,
				FABCFA652A67656300FF98B9 /* FiltersView.swift */,
			);
			path = Settings;
			sourceTree = "<group>";
		};
		FADAD1AF2A671F9E00108A9C /* Open In Lemmios */ = {
			isa = PBXGroup;
			children = (
				FADAD1B02A671F9E00108A9C /* SafariWebExtensionHandler.swift */,
				FADAD1C32A671F9E00108A9C /* Info.plist */,
				FADAD1B22A671F9E00108A9C /* Resources */,
			);
			path = "Open In Lemmios";
			sourceTree = "<group>";
		};
		FADAD1B22A671F9E00108A9C /* Resources */ = {
			isa = PBXGroup;
			children = (
				FADAD1B32A671F9E00108A9C /* _locales */,
				FADAD1B52A671F9E00108A9C /* images */,
				FADAD1B72A671F9E00108A9C /* manifest.json */,
				FADAD1BB2A671F9E00108A9C /* content.js */,
				FADAD1BD2A671F9E00108A9C /* popup.html */,
				FADAD1BF2A671F9E00108A9C /* popup.css */,
			);
			path = Resources;
			sourceTree = "<group>";
		};
		FADD20362A5204B3002CE443 = {
			isa = PBXGroup;
			children = (
				FADD20412A5204B3002CE443 /* Lemmios */,
				FA96B4E72A61105300053BBF /* LemmiosUITests */,
				FADAD1AF2A671F9E00108A9C /* Open In Lemmios */,
				FADD20402A5204B3002CE443 /* Products */,
				FA60B9C02A5FB9E3002A87A4 /* Frameworks */,
			);
			sourceTree = "<group>";
		};
		FADD20402A5204B3002CE443 /* Products */ = {
			isa = PBXGroup;
			children = (
				FADD203F2A5204B3002CE443 /* Lemmios.app */,
				FA96B4E62A61105300053BBF /* LemmiosUITests.xctest */,
				FADAD1AE2A671F9E00108A9C /* Open In Lemmios.appex */,
			);
			name = Products;
			sourceTree = "<group>";
		};
		FADD20412A5204B3002CE443 /* Lemmios */ = {
			isa = PBXGroup;
			children = (
				FA77D93B2A674D7E005C0555 /* Resources */,
				FA45961F2A59C3FE00368DBB /* Theme */,
				FA68BDEA2A58C45700F2FE3D /* Info.plist */,
				FA72A69C2A57F837001AFA61 /* Lemmios.entitlements */,
				FA2EE90B2A5472DA00546BFF /* Helpers */,
				FAAAF8582A524D8700C9BFD8 /* Components */,
				FADD20572A520A39002CE443 /* Models */,
				FADD20542A5209D5002CE443 /* Views */,
				FADD20422A5204B3002CE443 /* ArtemisApp.swift */,
				FADD20462A5204B4002CE443 /* Assets.xcassets */,
				FADD20492A5204B4002CE443 /* Preview Content */,
				FA44D6B72A5394BA0086AD56 /* AppDelegate.swift */,
			);
			path = Lemmios;
			sourceTree = "<group>";
		};
		FADD20492A5204B4002CE443 /* Preview Content */ = {
			isa = PBXGroup;
			children = (
				FADD204A2A5204B4002CE443 /* Preview Assets.xcassets */,
			);
			path = "Preview Content";
			sourceTree = "<group>";
		};
		FADD20542A5209D5002CE443 /* Views */ = {
			isa = PBXGroup;
			children = (
				FABCFA642A67652000FF98B9 /* Settings */,
				FADD20442A5204B3002CE443 /* ContentView.swift */,
				FADD20552A5209E7002CE443 /* PostsView.swift */,
				FAAAF85B2A524F0F00C9BFD8 /* PostView.swift */,
				FAAAF86D2A528D0100C9BFD8 /* AuthenticationView.swift */,
				FA44D6B02A538E710086AD56 /* SwipeActionsModifier.swift */,
				FAF5D5432A53FAEF00FDA8D9 /* HomeView.swift */,
				FA2EE90E2A5478EA00546BFF /* UserView.swift */,
				FA72A68B2A572151001AFA61 /* SearchView.swift */,
				FA72A68F2A57299C001AFA61 /* SearchedView.swift */,
				FAEE08D12A5A06A100B54142 /* InboxView.swift */,
				FA2214922A5B57D80023C696 /* SplashView.swift */,
				FABB71302A6447D900D39592 /* ResolveView.swift */,
			);
			path = Views;
			sourceTree = "<group>";
		};
		FADD20572A520A39002CE443 /* Models */ = {
			isa = PBXGroup;
			children = (
				FAB93E582A5337B400DE15BB /* PostModel.swift */,
				FADD20582A520A4A002CE443 /* ApiModel.swift */,
				FA1CA2E22A5242D9007A5F88 /* PostsModel.swift */,
				FAB93E5E2A533FE800DE15BB /* CommentModel.swift */,
				FAB93E602A5345CA00DE15BB /* VotableModel.swift */,
				FABEC3052A54064E00620E9A /* NavModel.swift */,
				FA2EE9122A547BE800546BFF /* UserModel.swift */,
				FA72A68D2A57228A001AFA61 /* SearchModel.swift */,
				FA72A6912A5729AE001AFA61 /* SearchedModel.swift */,
				FAA145132A58B89A009DDA23 /* AuthModel.swift */,
				FABC28372A59175C00243C7F /* ApolloImportModel.swift */,
				FAEE08D32A5A06CB00B54142 /* InboxModel.swift */,
				FAD0930B2A5D0BF600CFEC3E /* MessageModel.swift */,
				FA4534AE2A5E4B7D00EA9EE8 /* ImageModel.swift */,
				FA5A46112A61C2B30041D11B /* DBModel.swift */,
				FAF5D06D2A63262D002BD1AD /* PostShareModel.swift */,
				FABB71322A6447E400D39592 /* ResolveModel.swift */,
				FA4CDA8D2A64D4AA001D38F7 /* WatchersModel.swift */,
			);
			path = Models;
			sourceTree = "<group>";
		};
		FAF5D0642A630059002BD1AD /* Post */ = {
			isa = PBXGroup;
			children = (
				FAAAF8622A5260E300C9BFD8 /* PostContentComponent.swift */,
				FAF5D5412A53EC2800FDA8D9 /* PostActionsComponent.swift */,
				FA2A1ED02A56661E008BB1BE /* PostCreateComponent.swift */,
				FAAAF8592A524D9500C9BFD8 /* PostPreviewComponent.swift */,
			);
			path = Post;
			sourceTree = "<group>";
		};
		FAF5D0652A63006C002BD1AD /* Shared */ = {
			isa = PBXGroup;
			children = (
				FAAAF8602A5256EB00C9BFD8 /* SortSelectorComponent.swift */,
				FAB93E622A5346E400DE15BB /* ScoreComponent.swift */,
				FA03BEE52A53CFBA00FC2878 /* NumberComponent.swift */,
				FA03BEE72A53D96400FC2878 /* ArrowsComponent.swift */,
				FA72A6952A573C99001AFA61 /* ShowFromComponent.swift */,
				FAA145092A5895D5009DDA23 /* NSFWBadgeComponent.swift */,
				FA4596282A59D1C800368DBB /* ColoredListComponent.swift */,
				FAF5D06B2A63010B002BD1AD /* PostSharePreview.swift */,
			);
			path = Shared;
			sourceTree = "<group>";
		};
		FAF5D0662A630088002BD1AD /* User */ = {
			isa = PBXGroup;
			children = (
				FAA145052A581E88009DDA23 /* UserHeaderComponent.swift */,
				FAA145072A581F23009DDA23 /* MixedListComponent.swift */,
			);
			path = User;
			sourceTree = "<group>";
		};
		FAF5D0672A630096002BD1AD /* Comment */ = {
			isa = PBXGroup;
			children = (
				FAB93E5C2A533FC900DE15BB /* CommentComponent.swift */,
			);
			path = Comment;
			sourceTree = "<group>";
		};
		FAF5D0682A6300AD002BD1AD /* Inbox */ = {
			isa = PBXGroup;
			children = (
				FAD093092A5D0B9600CFEC3E /* MessageComponent.swift */,
			);
			path = Inbox;
			sourceTree = "<group>";
		};
		FAF5D0692A6300BC002BD1AD /* Auth */ = {
			isa = PBXGroup;
			children = (
				FA68BDEB2A58DD9900F2FE3D /* AuthFormComponent.swift */,
			);
			path = Auth;
			sourceTree = "<group>";
		};
		FAF5D06A2A6300CD002BD1AD /* Settings */ = {
			isa = PBXGroup;
			children = (
				FABC28472A59338D00243C7F /* SettingViewComponent.swift */,
				FABC28492A5933AC00243C7F /* SettingSuboptionComponent.swift */,
				FABC284B2A5933C100243C7F /* DefaultStartComponent.swift */,
				FA4CEC5B2A64B03B002AEB75 /* AddWatcherComponent.swift */,
				FA77D9402A67531D005C0555 /* VideoLooper.swift */,
			);
			path = Settings;
			sourceTree = "<group>";
		};
/* End PBXGroup section */

/* Begin PBXNativeTarget section */
		FA96B4E52A61105300053BBF /* LemmiosUITests */ = {
			isa = PBXNativeTarget;
			buildConfigurationList = FA96B4F02A61105300053BBF /* Build configuration list for PBXNativeTarget "LemmiosUITests" */;
			buildPhases = (
				FA96B4E22A61105300053BBF /* Sources */,
				FA96B4E32A61105300053BBF /* Frameworks */,
				FA96B4E42A61105300053BBF /* Resources */,
			);
			buildRules = (
			);
			dependencies = (
				FA96B4ED2A61105300053BBF /* PBXTargetDependency */,
			);
			name = LemmiosUITests;
			productName = LemmiosUITests;
			productReference = FA96B4E62A61105300053BBF /* LemmiosUITests.xctest */;
			productType = "com.apple.product-type.bundle.ui-testing";
		};
		FADAD1AD2A671F9E00108A9C /* Open In Lemmios */ = {
			isa = PBXNativeTarget;
			buildConfigurationList = FADAD1C92A671F9E00108A9C /* Build configuration list for PBXNativeTarget "Open In Lemmios" */;
			buildPhases = (
				FADAD1AA2A671F9E00108A9C /* Sources */,
				FADAD1AB2A671F9E00108A9C /* Frameworks */,
				FADAD1AC2A671F9E00108A9C /* Resources */,
			);
			buildRules = (
			);
			dependencies = (
			);
			name = "Open In Lemmios";
			productName = "Open In Lemmios";
			productReference = FADAD1AE2A671F9E00108A9C /* Open In Lemmios.appex */;
			productType = "com.apple.product-type.app-extension";
		};
		FADD203E2A5204B3002CE443 /* Lemmios */ = {
			isa = PBXNativeTarget;
			buildConfigurationList = FADD204E2A5204B4002CE443 /* Build configuration list for PBXNativeTarget "Lemmios" */;
			buildPhases = (
				FADD203B2A5204B3002CE443 /* Sources */,
				FADD203C2A5204B3002CE443 /* Frameworks */,
				FADD203D2A5204B3002CE443 /* Resources */,
				FAFAB4592A5BD9CB00C545BE /* Embed Foundation Extensions */,
			);
			buildRules = (
			);
			dependencies = (
				FADAD1C52A671F9E00108A9C /* PBXTargetDependency */,
			);
			name = Lemmios;
			packageProductDependencies = (
				FAAAF8682A5288CB00C9BFD8 /* MarkdownUI */,
				FAAAF86B2A528C6600C9BFD8 /* CachedAsyncImage */,
				FAAAF8702A52929500C9BFD8 /* SimpleKeychain */,
				FA52397B2A56371D00C80CDD /* SwiftUIKit */,
				FAF000AC2A5676D700F07E04 /* AlertToast */,
				FA1A32FF2A5FC2BF000A99CB /* ImageViewer */,
				FAE0683D2A60AC9700207938 /* LinkPreview */,
				FA5A460F2A61C1E70041D11B /* SQLite */,
				FA40E9B82A622FB50099D6A3 /* LemmyApi */,
			);
			productName = Artemis;
			productReference = FADD203F2A5204B3002CE443 /* Lemmios.app */;
			productType = "com.apple.product-type.application";
		};
/* End PBXNativeTarget section */

/* Begin PBXProject section */
		FADD20372A5204B3002CE443 /* Project object */ = {
			isa = PBXProject;
			attributes = {
				BuildIndependentTargetsInParallel = 1;
				LastSwiftUpdateCheck = 1430;
				LastUpgradeCheck = 1410;
				TargetAttributes = {
					FA96B4E52A61105300053BBF = {
						CreatedOnToolsVersion = 14.3.1;
						TestTargetID = FADD203E2A5204B3002CE443;
					};
					FADAD1AD2A671F9E00108A9C = {
						CreatedOnToolsVersion = 14.3.1;
					};
					FADD203E2A5204B3002CE443 = {
						CreatedOnToolsVersion = 14.1;
					};
				};
			};
			buildConfigurationList = FADD203A2A5204B3002CE443 /* Build configuration list for PBXProject "Lemmios" */;
			compatibilityVersion = "Xcode 14.0";
			developmentRegion = en;
			hasScannedForEncodings = 0;
			knownRegions = (
				en,
				Base,
			);
			mainGroup = FADD20362A5204B3002CE443;
			packageReferences = (
				FAAAF8672A5288CB00C9BFD8 /* XCRemoteSwiftPackageReference "swift-markdown-ui" */,
				FAAAF86A2A528C6600C9BFD8 /* XCRemoteSwiftPackageReference "swiftui-cached-async-image" */,
				FAAAF86F2A52929500C9BFD8 /* XCRemoteSwiftPackageReference "SimpleKeychain" */,
				FA52397A2A56371D00C80CDD /* XCRemoteSwiftPackageReference "SwiftUIKit" */,
				FAF000AB2A5676D700F07E04 /* XCRemoteSwiftPackageReference "AlertToast" */,
				FA1A32FE2A5FC2BF000A99CB /* XCRemoteSwiftPackageReference "ImageViewer" */,
				FAE0683C2A60AC9700207938 /* XCRemoteSwiftPackageReference "LinkPreview" */,
				FA5A460E2A61C1E70041D11B /* XCRemoteSwiftPackageReference "SQLite.swift" */,
				FA40E9B72A622FB50099D6A3 /* XCRemoteSwiftPackageReference "LemmyApi" */,
			);
			productRefGroup = FADD20402A5204B3002CE443 /* Products */;
			projectDirPath = "";
			projectRoot = "";
			targets = (
				FADD203E2A5204B3002CE443 /* Lemmios */,
				FA96B4E52A61105300053BBF /* LemmiosUITests */,
				FADAD1AD2A671F9E00108A9C /* Open In Lemmios */,
			);
		};
/* End PBXProject section */

/* Begin PBXResourcesBuildPhase section */
		FA96B4E42A61105300053BBF /* Resources */ = {
			isa = PBXResourcesBuildPhase;
			buildActionMask = 2147483647;
			files = (
			);
			runOnlyForDeploymentPostprocessing = 0;
		};
		FADAD1AC2A671F9E00108A9C /* Resources */ = {
			isa = PBXResourcesBuildPhase;
			buildActionMask = 2147483647;
			files = (
				FADAD1C02A671F9E00108A9C /* popup.css in Resources */,
				FADAD1BE2A671F9E00108A9C /* popup.html in Resources */,
				FADAD1B62A671F9E00108A9C /* images in Resources */,
				FADAD1B82A671F9E00108A9C /* manifest.json in Resources */,
				FADAD1B42A671F9E00108A9C /* _locales in Resources */,
				FADAD1BC2A671F9E00108A9C /* content.js in Resources */,
			);
			runOnlyForDeploymentPostprocessing = 0;
		};
		FADD203D2A5204B3002CE443 /* Resources */ = {
			isa = PBXResourcesBuildPhase;
			buildActionMask = 2147483647;
			files = (
				FADD204B2A5204B4002CE443 /* Preview Assets.xcassets in Resources */,
				FA77D93D2A674D98005C0555 /* output.mp4 in Resources */,
				FADD20472A5204B4002CE443 /* Assets.xcassets in Resources */,
			);
			runOnlyForDeploymentPostprocessing = 0;
		};
/* End PBXResourcesBuildPhase section */

/* Begin PBXSourcesBuildPhase section */
		FA96B4E22A61105300053BBF /* Sources */ = {
			isa = PBXSourcesBuildPhase;
			buildActionMask = 2147483647;
			files = (
				FA5A461B2A61E2670041D11B /* SearchTests.swift in Sources */,
				FA96B4EB2A61105300053BBF /* CommentTests.swift in Sources */,
				FABCFA682A6768D200FF98B9 /* FilterTest.swift in Sources */,
				FA96B4F22A612E2900053BBF /* ScreenshotTests.swift in Sources */,
				FA5A461D2A61E26F0041D11B /* AuthTests.swift in Sources */,
			);
			runOnlyForDeploymentPostprocessing = 0;
		};
		FADAD1AA2A671F9E00108A9C /* Sources */ = {
			isa = PBXSourcesBuildPhase;
			buildActionMask = 2147483647;
			files = (
				FADAD1B12A671F9E00108A9C /* SafariWebExtensionHandler.swift in Sources */,
			);
			runOnlyForDeploymentPostprocessing = 0;
		};
		FADD203B2A5204B3002CE443 /* Sources */ = {
			isa = PBXSourcesBuildPhase;
			buildActionMask = 2147483647;
			files = (
				FAA1450A2A5895D5009DDA23 /* NSFWBadgeComponent.swift in Sources */,
				FA77D9412A67531D005C0555 /* VideoLooper.swift in Sources */,
				FADFF8652A560933006F216A /* Markdown.swift in Sources */,
				FABC28382A59175C00243C7F /* ApolloImportModel.swift in Sources */,
				FABCFA662A67656300FF98B9 /* FiltersView.swift in Sources */,
				FA2A1ED12A56661E008BB1BE /* PostCreateComponent.swift in Sources */,
				FA03BEE82A53D96400FC2878 /* ArrowsComponent.swift in Sources */,
				FA4596292A59D1C800368DBB /* ColoredListComponent.swift in Sources */,
				FABB71332A6447E400D39592 /* ResolveModel.swift in Sources */,
				FAA145082A581F23009DDA23 /* MixedListComponent.swift in Sources */,
				FA4CEC5C2A64B03B002AEB75 /* AddWatcherComponent.swift in Sources */,
				FA44D6B12A538E710086AD56 /* SwipeActionsModifier.swift in Sources */,
				FA44D6B82A5394BA0086AD56 /* AppDelegate.swift in Sources */,
				FADD20452A5204B3002CE443 /* ContentView.swift in Sources */,
				FAF5D06C2A63010B002BD1AD /* PostSharePreview.swift in Sources */,
				FAAAF8612A5256EB00C9BFD8 /* SortSelectorComponent.swift in Sources */,
				FAB93E632A5346E400DE15BB /* ScoreComponent.swift in Sources */,
				FABEC3062A54064E00620E9A /* NavModel.swift in Sources */,
				FA5A46122A61C2B30041D11B /* DBModel.swift in Sources */,
				FA2214932A5B57D80023C696 /* SplashView.swift in Sources */,
				FAF5D5422A53EC2800FDA8D9 /* PostActionsComponent.swift in Sources */,
				FABC28462A5932E700243C7F /* AboutView.swift in Sources */,
				FA72A6982A573DAD001AFA61 /* Extensions.swift in Sources */,
				FA72A6922A5729AE001AFA61 /* SearchedModel.swift in Sources */,
				FABC284A2A5933AC00243C7F /* SettingSuboptionComponent.swift in Sources */,
				FADD20562A5209E7002CE443 /* PostsView.swift in Sources */,
				FAAAF85A2A524D9500C9BFD8 /* PostPreviewComponent.swift in Sources */,
				FA03BEE62A53CFBA00FC2878 /* NumberComponent.swift in Sources */,
				FAB93E592A5337B400DE15BB /* PostModel.swift in Sources */,
				FAA145142A58B89A009DDA23 /* AuthModel.swift in Sources */,
				FA1CA2E32A5242D9007A5F88 /* PostsModel.swift in Sources */,
				FA72A6962A573C99001AFA61 /* ShowFromComponent.swift in Sources */,
				FAB93E5F2A533FE800DE15BB /* CommentModel.swift in Sources */,
				FABEC3082A540D3500620E9A /* SettingsView.swift in Sources */,
				FA72A68C2A572151001AFA61 /* SearchView.swift in Sources */,
				FADD20432A5204B3002CE443 /* ArtemisApp.swift in Sources */,
				FACA76EE2A64A6C300D96136 /* NotificationsView.swift in Sources */,
				FADD205B2A520D8E002CE443 /* ServerSelectorView.swift in Sources */,
				FAAAF8632A5260E300C9BFD8 /* PostContentComponent.swift in Sources */,
				FA72A6902A57299C001AFA61 /* SearchedView.swift in Sources */,
				FAD0930A2A5D0B9600CFEC3E /* MessageComponent.swift in Sources */,
				FAB93E612A5345CA00DE15BB /* VotableModel.swift in Sources */,
				FABC284E2A593D8100243C7F /* ImportSubsView.swift in Sources */,
				FA68BDEC2A58DD9900F2FE3D /* AuthFormComponent.swift in Sources */,
				FA4596252A59C5A500368DBB /* ThemeManger.swift in Sources */,
				FAAAF85C2A524F0F00C9BFD8 /* PostView.swift in Sources */,
				FA77D93F2A674DB5005C0555 /* OpenInLemmiosView.swift in Sources */,
				FADD20592A520A4A002CE443 /* ApiModel.swift in Sources */,
				FABC28362A5916A900243C7F /* ApolloImportView.swift in Sources */,
				FAEE08D22A5A06A100B54142 /* InboxView.swift in Sources */,
				FAAAF86E2A528D0100C9BFD8 /* AuthenticationView.swift in Sources */,
				FABC284C2A5933C100243C7F /* DefaultStartComponent.swift in Sources */,
				FAF5D5442A53FAEF00FDA8D9 /* HomeView.swift in Sources */,
				FAB93E5D2A533FC900DE15BB /* CommentComponent.swift in Sources */,
				FAD0930C2A5D0BF600CFEC3E /* MessageModel.swift in Sources */,
				FA72A68E2A57228A001AFA61 /* SearchModel.swift in Sources */,
				FABC28482A59338D00243C7F /* SettingViewComponent.swift in Sources */,
				FA4596272A59C83700368DBB /* ThemeModifiers.swift in Sources */,
				FA2EE9132A547BE800546BFF /* UserModel.swift in Sources */,
				FA2EE90F2A5478EA00546BFF /* UserView.swift in Sources */,
				FABB71312A6447D900D39592 /* ResolveView.swift in Sources */,
				FAEE08D42A5A06CB00B54142 /* InboxModel.swift in Sources */,
				FAA145062A581E88009DDA23 /* UserHeaderComponent.swift in Sources */,
				FA4CDA8E2A64D4AA001D38F7 /* WatchersModel.swift in Sources */,
				FA4534AF2A5E4B7D00EA9EE8 /* ImageModel.swift in Sources */,
				FAF5D06E2A63262D002BD1AD /* PostShareModel.swift in Sources */,
			);
			runOnlyForDeploymentPostprocessing = 0;
		};
/* End PBXSourcesBuildPhase section */

/* Begin PBXTargetDependency section */
		FA96B4ED2A61105300053BBF /* PBXTargetDependency */ = {
			isa = PBXTargetDependency;
			target = FADD203E2A5204B3002CE443 /* Lemmios */;
			targetProxy = FA96B4EC2A61105300053BBF /* PBXContainerItemProxy */;
		};
		FADAD1C52A671F9E00108A9C /* PBXTargetDependency */ = {
			isa = PBXTargetDependency;
			target = FADAD1AD2A671F9E00108A9C /* Open In Lemmios */;
			targetProxy = FADAD1C42A671F9E00108A9C /* PBXContainerItemProxy */;
		};
/* End PBXTargetDependency section */

/* Begin XCBuildConfiguration section */
		FA96B4EE2A61105300053BBF /* Debug */ = {
			isa = XCBuildConfiguration;
			buildSettings = {
				CODE_SIGN_STYLE = Automatic;
				CURRENT_PROJECT_VERSION = 1;
				DEVELOPMENT_TEAM = 2GA3QKMF6Y;
				GENERATE_INFOPLIST_FILE = YES;
				IPHONEOS_DEPLOYMENT_TARGET = 16.4;
				MARKETING_VERSION = 1.0;
				PRODUCT_BUNDLE_IDENTIFIER = com.axlav.LemmiosUITests;
				PRODUCT_NAME = "$(TARGET_NAME)";
				SDKROOT = iphoneos;
				SWIFT_EMIT_LOC_STRINGS = NO;
				SWIFT_VERSION = 5.0;
				TARGETED_DEVICE_FAMILY = "1,2";
				TEST_TARGET_NAME = Lemmios;
			};
			name = Debug;
		};
		FA96B4EF2A61105300053BBF /* Release */ = {
			isa = XCBuildConfiguration;
			buildSettings = {
				CODE_SIGN_STYLE = Automatic;
				CURRENT_PROJECT_VERSION = 1;
				DEVELOPMENT_TEAM = 2GA3QKMF6Y;
				GENERATE_INFOPLIST_FILE = YES;
				IPHONEOS_DEPLOYMENT_TARGET = 16.4;
				MARKETING_VERSION = 1.0;
				PRODUCT_BUNDLE_IDENTIFIER = com.axlav.LemmiosUITests;
				PRODUCT_NAME = "$(TARGET_NAME)";
				SDKROOT = iphoneos;
				SWIFT_EMIT_LOC_STRINGS = NO;
				SWIFT_VERSION = 5.0;
				TARGETED_DEVICE_FAMILY = "1,2";
				TEST_TARGET_NAME = Lemmios;
				VALIDATE_PRODUCT = YES;
			};
			name = Release;
		};
		FADAD1C72A671F9E00108A9C /* Debug */ = {
			isa = XCBuildConfiguration;
			buildSettings = {
				CODE_SIGN_STYLE = Automatic;
				CURRENT_PROJECT_VERSION = 1;
				DEVELOPMENT_TEAM = 2GA3QKMF6Y;
				GENERATE_INFOPLIST_FILE = YES;
				INFOPLIST_FILE = "Open In Lemmios/Info.plist";
				INFOPLIST_KEY_CFBundleDisplayName = "Open In Lemmios";
				INFOPLIST_KEY_NSHumanReadableCopyright = "";
				IPHONEOS_DEPLOYMENT_TARGET = 16.4;
				LD_RUNPATH_SEARCH_PATHS = (
					"$(inherited)",
					"@executable_path/Frameworks",
					"@executable_path/../../Frameworks",
				);
				MARKETING_VERSION = 1.2;
				OTHER_LDFLAGS = (
					"-framework",
					SafariServices,
				);
				PRODUCT_BUNDLE_IDENTIFIER = "com.axlav.lemmios.Open-In-Lemmios";
				PRODUCT_NAME = "$(TARGET_NAME)";
				SDKROOT = iphoneos;
				SKIP_INSTALL = YES;
				SWIFT_EMIT_LOC_STRINGS = YES;
				SWIFT_VERSION = 5.0;
				TARGETED_DEVICE_FAMILY = "1,2";
			};
			name = Debug;
		};
		FADAD1C82A671F9E00108A9C /* Release */ = {
			isa = XCBuildConfiguration;
			buildSettings = {
				CODE_SIGN_STYLE = Automatic;
				CURRENT_PROJECT_VERSION = 1;
				DEVELOPMENT_TEAM = 2GA3QKMF6Y;
				GENERATE_INFOPLIST_FILE = YES;
				INFOPLIST_FILE = "Open In Lemmios/Info.plist";
				INFOPLIST_KEY_CFBundleDisplayName = "Open In Lemmios";
				INFOPLIST_KEY_NSHumanReadableCopyright = "";
				IPHONEOS_DEPLOYMENT_TARGET = 16.4;
				LD_RUNPATH_SEARCH_PATHS = (
					"$(inherited)",
					"@executable_path/Frameworks",
					"@executable_path/../../Frameworks",
				);
				MARKETING_VERSION = 1.2;
				OTHER_LDFLAGS = (
					"-framework",
					SafariServices,
				);
				PRODUCT_BUNDLE_IDENTIFIER = "com.axlav.lemmios.Open-In-Lemmios";
				PRODUCT_NAME = "$(TARGET_NAME)";
				SDKROOT = iphoneos;
				SKIP_INSTALL = YES;
				SWIFT_EMIT_LOC_STRINGS = YES;
				SWIFT_VERSION = 5.0;
				TARGETED_DEVICE_FAMILY = "1,2";
				VALIDATE_PRODUCT = YES;
			};
			name = Release;
		};
		FADD204C2A5204B4002CE443 /* Debug */ = {
			isa = XCBuildConfiguration;
			buildSettings = {
				ALWAYS_SEARCH_USER_PATHS = NO;
				CLANG_ANALYZER_NONNULL = YES;
				CLANG_ANALYZER_NUMBER_OBJECT_CONVERSION = YES_AGGRESSIVE;
				CLANG_CXX_LANGUAGE_STANDARD = "gnu++20";
				CLANG_ENABLE_MODULES = YES;
				CLANG_ENABLE_OBJC_ARC = YES;
				CLANG_ENABLE_OBJC_WEAK = YES;
				CLANG_WARN_BLOCK_CAPTURE_AUTORELEASING = YES;
				CLANG_WARN_BOOL_CONVERSION = YES;
				CLANG_WARN_COMMA = YES;
				CLANG_WARN_CONSTANT_CONVERSION = YES;
				CLANG_WARN_DEPRECATED_OBJC_IMPLEMENTATIONS = YES;
				CLANG_WARN_DIRECT_OBJC_ISA_USAGE = YES_ERROR;
				CLANG_WARN_DOCUMENTATION_COMMENTS = YES;
				CLANG_WARN_EMPTY_BODY = YES;
				CLANG_WARN_ENUM_CONVERSION = YES;
				CLANG_WARN_INFINITE_RECURSION = YES;
				CLANG_WARN_INT_CONVERSION = YES;
				CLANG_WARN_NON_LITERAL_NULL_CONVERSION = YES;
				CLANG_WARN_OBJC_IMPLICIT_RETAIN_SELF = YES;
				CLANG_WARN_OBJC_LITERAL_CONVERSION = YES;
				CLANG_WARN_OBJC_ROOT_CLASS = YES_ERROR;
				CLANG_WARN_QUOTED_INCLUDE_IN_FRAMEWORK_HEADER = YES;
				CLANG_WARN_RANGE_LOOP_ANALYSIS = YES;
				CLANG_WARN_STRICT_PROTOTYPES = YES;
				CLANG_WARN_SUSPICIOUS_MOVE = YES;
				CLANG_WARN_UNGUARDED_AVAILABILITY = YES_AGGRESSIVE;
				CLANG_WARN_UNREACHABLE_CODE = YES;
				CLANG_WARN__DUPLICATE_METHOD_MATCH = YES;
				COPY_PHASE_STRIP = NO;
				DEBUG_INFORMATION_FORMAT = dwarf;
				ENABLE_STRICT_OBJC_MSGSEND = YES;
				ENABLE_TESTABILITY = YES;
				GCC_C_LANGUAGE_STANDARD = gnu11;
				GCC_DYNAMIC_NO_PIC = NO;
				GCC_NO_COMMON_BLOCKS = YES;
				GCC_OPTIMIZATION_LEVEL = 0;
				GCC_PREPROCESSOR_DEFINITIONS = (
					"DEBUG=1",
					"$(inherited)",
				);
				GCC_WARN_64_TO_32_BIT_CONVERSION = YES;
				GCC_WARN_ABOUT_RETURN_TYPE = YES_ERROR;
				GCC_WARN_UNDECLARED_SELECTOR = YES;
				GCC_WARN_UNINITIALIZED_AUTOS = YES_AGGRESSIVE;
				GCC_WARN_UNUSED_FUNCTION = YES;
				GCC_WARN_UNUSED_VARIABLE = YES;
				MTL_ENABLE_DEBUG_INFO = INCLUDE_SOURCE;
				MTL_FAST_MATH = YES;
				ONLY_ACTIVE_ARCH = YES;
				SWIFT_ACTIVE_COMPILATION_CONDITIONS = DEBUG;
				SWIFT_OPTIMIZATION_LEVEL = "-Onone";
			};
			name = Debug;
		};
		FADD204D2A5204B4002CE443 /* Release */ = {
			isa = XCBuildConfiguration;
			buildSettings = {
				ALWAYS_SEARCH_USER_PATHS = NO;
				CLANG_ANALYZER_NONNULL = YES;
				CLANG_ANALYZER_NUMBER_OBJECT_CONVERSION = YES_AGGRESSIVE;
				CLANG_CXX_LANGUAGE_STANDARD = "gnu++20";
				CLANG_ENABLE_MODULES = YES;
				CLANG_ENABLE_OBJC_ARC = YES;
				CLANG_ENABLE_OBJC_WEAK = YES;
				CLANG_WARN_BLOCK_CAPTURE_AUTORELEASING = YES;
				CLANG_WARN_BOOL_CONVERSION = YES;
				CLANG_WARN_COMMA = YES;
				CLANG_WARN_CONSTANT_CONVERSION = YES;
				CLANG_WARN_DEPRECATED_OBJC_IMPLEMENTATIONS = YES;
				CLANG_WARN_DIRECT_OBJC_ISA_USAGE = YES_ERROR;
				CLANG_WARN_DOCUMENTATION_COMMENTS = YES;
				CLANG_WARN_EMPTY_BODY = YES;
				CLANG_WARN_ENUM_CONVERSION = YES;
				CLANG_WARN_INFINITE_RECURSION = YES;
				CLANG_WARN_INT_CONVERSION = YES;
				CLANG_WARN_NON_LITERAL_NULL_CONVERSION = YES;
				CLANG_WARN_OBJC_IMPLICIT_RETAIN_SELF = YES;
				CLANG_WARN_OBJC_LITERAL_CONVERSION = YES;
				CLANG_WARN_OBJC_ROOT_CLASS = YES_ERROR;
				CLANG_WARN_QUOTED_INCLUDE_IN_FRAMEWORK_HEADER = YES;
				CLANG_WARN_RANGE_LOOP_ANALYSIS = YES;
				CLANG_WARN_STRICT_PROTOTYPES = YES;
				CLANG_WARN_SUSPICIOUS_MOVE = YES;
				CLANG_WARN_UNGUARDED_AVAILABILITY = YES_AGGRESSIVE;
				CLANG_WARN_UNREACHABLE_CODE = YES;
				CLANG_WARN__DUPLICATE_METHOD_MATCH = YES;
				COPY_PHASE_STRIP = NO;
				DEBUG_INFORMATION_FORMAT = "dwarf-with-dsym";
				ENABLE_NS_ASSERTIONS = NO;
				ENABLE_STRICT_OBJC_MSGSEND = YES;
				GCC_C_LANGUAGE_STANDARD = gnu11;
				GCC_NO_COMMON_BLOCKS = YES;
				GCC_WARN_64_TO_32_BIT_CONVERSION = YES;
				GCC_WARN_ABOUT_RETURN_TYPE = YES_ERROR;
				GCC_WARN_UNDECLARED_SELECTOR = YES;
				GCC_WARN_UNINITIALIZED_AUTOS = YES_AGGRESSIVE;
				GCC_WARN_UNUSED_FUNCTION = YES;
				GCC_WARN_UNUSED_VARIABLE = YES;
				MTL_ENABLE_DEBUG_INFO = NO;
				MTL_FAST_MATH = YES;
				SWIFT_COMPILATION_MODE = wholemodule;
				SWIFT_OPTIMIZATION_LEVEL = "-O";
			};
			name = Release;
		};
		FADD204F2A5204B4002CE443 /* Debug */ = {
			isa = XCBuildConfiguration;
			buildSettings = {
				ALWAYS_EMBED_SWIFT_STANDARD_LIBRARIES = YES;
				ASSETCATALOG_COMPILER_APPICON_NAME = AppIcon;
				ASSETCATALOG_COMPILER_GLOBAL_ACCENT_COLOR_NAME = AccentColor;
				CODE_SIGN_ENTITLEMENTS = Lemmios/Lemmios.entitlements;
				CODE_SIGN_STYLE = Automatic;
				CURRENT_PROJECT_VERSION = 38;
				DEVELOPMENT_ASSET_PATHS = "\"Lemmios/Preview Content\"";
				DEVELOPMENT_TEAM = 2GA3QKMF6Y;
				ENABLE_HARDENED_RUNTIME = YES;
				ENABLE_PREVIEWS = YES;
				GENERATE_INFOPLIST_FILE = YES;
				INFOPLIST_FILE = Lemmios/Info.plist;
				"INFOPLIST_KEY_UIApplicationSceneManifest_Generation[sdk=iphoneos*]" = YES;
				"INFOPLIST_KEY_UIApplicationSceneManifest_Generation[sdk=iphonesimulator*]" = YES;
				"INFOPLIST_KEY_UIApplicationSupportsIndirectInputEvents[sdk=iphoneos*]" = YES;
				"INFOPLIST_KEY_UIApplicationSupportsIndirectInputEvents[sdk=iphonesimulator*]" = YES;
				"INFOPLIST_KEY_UILaunchScreen_Generation[sdk=iphoneos*]" = YES;
				"INFOPLIST_KEY_UILaunchScreen_Generation[sdk=iphonesimulator*]" = YES;
				"INFOPLIST_KEY_UIStatusBarStyle[sdk=iphoneos*]" = UIStatusBarStyleDefault;
				"INFOPLIST_KEY_UIStatusBarStyle[sdk=iphonesimulator*]" = UIStatusBarStyleDefault;
				INFOPLIST_KEY_UISupportedInterfaceOrientations_iPad = "UIInterfaceOrientationPortrait UIInterfaceOrientationPortraitUpsideDown UIInterfaceOrientationLandscapeLeft UIInterfaceOrientationLandscapeRight";
				INFOPLIST_KEY_UISupportedInterfaceOrientations_iPhone = "UIInterfaceOrientationPortrait UIInterfaceOrientationLandscapeLeft UIInterfaceOrientationLandscapeRight";
				IPHONEOS_DEPLOYMENT_TARGET = 16.1;
				LD_RUNPATH_SEARCH_PATHS = "@executable_path/Frameworks";
				"LD_RUNPATH_SEARCH_PATHS[sdk=macosx*]" = "@executable_path/../Frameworks";
				MACOSX_DEPLOYMENT_TARGET = 13.0;
				MARKETING_VERSION = 1.2;
				PRODUCT_BUNDLE_IDENTIFIER = com.axlav.lemmios;
				PRODUCT_NAME = "$(TARGET_NAME)";
				SDKROOT = auto;
				SUPPORTED_PLATFORMS = "iphoneos iphonesimulator";
				SUPPORTS_MACCATALYST = NO;
				SUPPORTS_MAC_DESIGNED_FOR_IPHONE_IPAD = YES;
				SUPPORTS_XR_DESIGNED_FOR_IPHONE_IPAD = NO;
				SWIFT_EMIT_LOC_STRINGS = YES;
				SWIFT_VERSION = 5.0;
				TARGETED_DEVICE_FAMILY = "1,2";
			};
			name = Debug;
		};
		FADD20502A5204B4002CE443 /* Release */ = {
			isa = XCBuildConfiguration;
			buildSettings = {
				ALWAYS_EMBED_SWIFT_STANDARD_LIBRARIES = YES;
				ASSETCATALOG_COMPILER_APPICON_NAME = AppIcon;
				ASSETCATALOG_COMPILER_GLOBAL_ACCENT_COLOR_NAME = AccentColor;
				CODE_SIGN_ENTITLEMENTS = Lemmios/Lemmios.entitlements;
				CODE_SIGN_STYLE = Automatic;
				CURRENT_PROJECT_VERSION = 38;
				DEVELOPMENT_ASSET_PATHS = "\"Lemmios/Preview Content\"";
				DEVELOPMENT_TEAM = 2GA3QKMF6Y;
				ENABLE_HARDENED_RUNTIME = YES;
				ENABLE_PREVIEWS = YES;
				GENERATE_INFOPLIST_FILE = YES;
				INFOPLIST_FILE = Lemmios/Info.plist;
				"INFOPLIST_KEY_UIApplicationSceneManifest_Generation[sdk=iphoneos*]" = YES;
				"INFOPLIST_KEY_UIApplicationSceneManifest_Generation[sdk=iphonesimulator*]" = YES;
				"INFOPLIST_KEY_UIApplicationSupportsIndirectInputEvents[sdk=iphoneos*]" = YES;
				"INFOPLIST_KEY_UIApplicationSupportsIndirectInputEvents[sdk=iphonesimulator*]" = YES;
				"INFOPLIST_KEY_UILaunchScreen_Generation[sdk=iphoneos*]" = YES;
				"INFOPLIST_KEY_UILaunchScreen_Generation[sdk=iphonesimulator*]" = YES;
				"INFOPLIST_KEY_UIStatusBarStyle[sdk=iphoneos*]" = UIStatusBarStyleDefault;
				"INFOPLIST_KEY_UIStatusBarStyle[sdk=iphonesimulator*]" = UIStatusBarStyleDefault;
				INFOPLIST_KEY_UISupportedInterfaceOrientations_iPad = "UIInterfaceOrientationPortrait UIInterfaceOrientationPortraitUpsideDown UIInterfaceOrientationLandscapeLeft UIInterfaceOrientationLandscapeRight";
				INFOPLIST_KEY_UISupportedInterfaceOrientations_iPhone = "UIInterfaceOrientationPortrait UIInterfaceOrientationLandscapeLeft UIInterfaceOrientationLandscapeRight";
				IPHONEOS_DEPLOYMENT_TARGET = 16.1;
				LD_RUNPATH_SEARCH_PATHS = "@executable_path/Frameworks";
				"LD_RUNPATH_SEARCH_PATHS[sdk=macosx*]" = "@executable_path/../Frameworks";
				MACOSX_DEPLOYMENT_TARGET = 13.0;
				MARKETING_VERSION = 1.2;
				PRODUCT_BUNDLE_IDENTIFIER = com.axlav.lemmios;
				PRODUCT_NAME = "$(TARGET_NAME)";
				SDKROOT = auto;
				SUPPORTED_PLATFORMS = "iphoneos iphonesimulator";
				SUPPORTS_MACCATALYST = NO;
				SUPPORTS_MAC_DESIGNED_FOR_IPHONE_IPAD = YES;
				SUPPORTS_XR_DESIGNED_FOR_IPHONE_IPAD = NO;
				SWIFT_EMIT_LOC_STRINGS = YES;
				SWIFT_VERSION = 5.0;
				TARGETED_DEVICE_FAMILY = "1,2";
			};
			name = Release;
		};
/* End XCBuildConfiguration section */

/* Begin XCConfigurationList section */
		FA96B4F02A61105300053BBF /* Build configuration list for PBXNativeTarget "LemmiosUITests" */ = {
			isa = XCConfigurationList;
			buildConfigurations = (
				FA96B4EE2A61105300053BBF /* Debug */,
				FA96B4EF2A61105300053BBF /* Release */,
			);
			defaultConfigurationIsVisible = 0;
			defaultConfigurationName = Release;
		};
		FADAD1C92A671F9E00108A9C /* Build configuration list for PBXNativeTarget "Open In Lemmios" */ = {
			isa = XCConfigurationList;
			buildConfigurations = (
				FADAD1C72A671F9E00108A9C /* Debug */,
				FADAD1C82A671F9E00108A9C /* Release */,
			);
			defaultConfigurationIsVisible = 0;
			defaultConfigurationName = Release;
		};
		FADD203A2A5204B3002CE443 /* Build configuration list for PBXProject "Lemmios" */ = {
			isa = XCConfigurationList;
			buildConfigurations = (
				FADD204C2A5204B4002CE443 /* Debug */,
				FADD204D2A5204B4002CE443 /* Release */,
			);
			defaultConfigurationIsVisible = 0;
			defaultConfigurationName = Release;
		};
		FADD204E2A5204B4002CE443 /* Build configuration list for PBXNativeTarget "Lemmios" */ = {
			isa = XCConfigurationList;
			buildConfigurations = (
				FADD204F2A5204B4002CE443 /* Debug */,
				FADD20502A5204B4002CE443 /* Release */,
			);
			defaultConfigurationIsVisible = 0;
			defaultConfigurationName = Release;
		};
/* End XCConfigurationList section */

/* Begin XCRemoteSwiftPackageReference section */
		FA1A32FE2A5FC2BF000A99CB /* XCRemoteSwiftPackageReference "ImageViewer" */ = {
			isa = XCRemoteSwiftPackageReference;
			repositoryURL = "https://github.com/lavalleeale/ImageViewer";
			requirement = {
				branch = main;
				kind = branch;
			};
		};
		FA40E9B72A622FB50099D6A3 /* XCRemoteSwiftPackageReference "LemmyApi" */ = {
			isa = XCRemoteSwiftPackageReference;
			repositoryURL = "https://github.com/lavalleeale/LemmyApi.git";
			requirement = {
				branch = main;
				kind = branch;
			};
		};
		FA52397A2A56371D00C80CDD /* XCRemoteSwiftPackageReference "SwiftUIKit" */ = {
			isa = XCRemoteSwiftPackageReference;
			repositoryURL = "https://github.com/danielsaidi/SwiftUIKit.git";
			requirement = {
				kind = upToNextMajorVersion;
				minimumVersion = 3.3.0;
			};
		};
		FA5A460E2A61C1E70041D11B /* XCRemoteSwiftPackageReference "SQLite.swift" */ = {
			isa = XCRemoteSwiftPackageReference;
			repositoryURL = "https://github.com/stephencelis/SQLite.swift.git";
			requirement = {
				kind = upToNextMajorVersion;
				minimumVersion = 0.14.1;
			};
		};
		FAAAF8672A5288CB00C9BFD8 /* XCRemoteSwiftPackageReference "swift-markdown-ui" */ = {
			isa = XCRemoteSwiftPackageReference;
			repositoryURL = "https://github.com/gonzalezreal/swift-markdown-ui";
			requirement = {
				kind = upToNextMajorVersion;
				minimumVersion = 2.0.0;
			};
		};
		FAAAF86A2A528C6600C9BFD8 /* XCRemoteSwiftPackageReference "swiftui-cached-async-image" */ = {
			isa = XCRemoteSwiftPackageReference;
			repositoryURL = "https://github.com/lorenzofiamingo/swiftui-cached-async-image";
			requirement = {
				kind = upToNextMajorVersion;
				minimumVersion = 2.0.0;
			};
		};
		FAAAF86F2A52929500C9BFD8 /* XCRemoteSwiftPackageReference "SimpleKeychain" */ = {
			isa = XCRemoteSwiftPackageReference;
			repositoryURL = "https://github.com/auth0/SimpleKeychain";
			requirement = {
				kind = upToNextMajorVersion;
				minimumVersion = 1.0.0;
			};
		};
		FAE0683C2A60AC9700207938 /* XCRemoteSwiftPackageReference "LinkPreview" */ = {
			isa = XCRemoteSwiftPackageReference;
			repositoryURL = "https://github.com/lavalleeale-forks/LinkPreview.git";
			requirement = {
				branch = main;
				kind = branch;
			};
		};
		FAF000AB2A5676D700F07E04 /* XCRemoteSwiftPackageReference "AlertToast" */ = {
			isa = XCRemoteSwiftPackageReference;
			repositoryURL = "https://github.com/elai950/AlertToast.git";
			requirement = {
				kind = upToNextMajorVersion;
				minimumVersion = 1.3.9;
			};
		};
/* End XCRemoteSwiftPackageReference section */

/* Begin XCSwiftPackageProductDependency section */
		FA1A32FF2A5FC2BF000A99CB /* ImageViewer */ = {
			isa = XCSwiftPackageProductDependency;
			package = FA1A32FE2A5FC2BF000A99CB /* XCRemoteSwiftPackageReference "ImageViewer" */;
			productName = ImageViewer;
		};
		FA40E9B82A622FB50099D6A3 /* LemmyApi */ = {
			isa = XCSwiftPackageProductDependency;
			package = FA40E9B72A622FB50099D6A3 /* XCRemoteSwiftPackageReference "LemmyApi" */;
			productName = LemmyApi;
		};
		FA52397B2A56371D00C80CDD /* SwiftUIKit */ = {
			isa = XCSwiftPackageProductDependency;
			package = FA52397A2A56371D00C80CDD /* XCRemoteSwiftPackageReference "SwiftUIKit" */;
			productName = SwiftUIKit;
		};
		FA5A460F2A61C1E70041D11B /* SQLite */ = {
			isa = XCSwiftPackageProductDependency;
			package = FA5A460E2A61C1E70041D11B /* XCRemoteSwiftPackageReference "SQLite.swift" */;
			productName = SQLite;
		};
		FAAAF8682A5288CB00C9BFD8 /* MarkdownUI */ = {
			isa = XCSwiftPackageProductDependency;
			package = FAAAF8672A5288CB00C9BFD8 /* XCRemoteSwiftPackageReference "swift-markdown-ui" */;
			productName = MarkdownUI;
		};
		FAAAF86B2A528C6600C9BFD8 /* CachedAsyncImage */ = {
			isa = XCSwiftPackageProductDependency;
			package = FAAAF86A2A528C6600C9BFD8 /* XCRemoteSwiftPackageReference "swiftui-cached-async-image" */;
			productName = CachedAsyncImage;
		};
		FAAAF8702A52929500C9BFD8 /* SimpleKeychain */ = {
			isa = XCSwiftPackageProductDependency;
			package = FAAAF86F2A52929500C9BFD8 /* XCRemoteSwiftPackageReference "SimpleKeychain" */;
			productName = SimpleKeychain;
		};
		FAE0683D2A60AC9700207938 /* LinkPreview */ = {
			isa = XCSwiftPackageProductDependency;
			package = FAE0683C2A60AC9700207938 /* XCRemoteSwiftPackageReference "LinkPreview" */;
			productName = LinkPreview;
		};
		FAF000AC2A5676D700F07E04 /* AlertToast */ = {
			isa = XCSwiftPackageProductDependency;
			package = FAF000AB2A5676D700F07E04 /* XCRemoteSwiftPackageReference "AlertToast" */;
			productName = AlertToast;
		};
/* End XCSwiftPackageProductDependency section */
	};
	rootObject = FADD20372A5204B3002CE443 /* Project object */;
}
